// !$*UTF8*$!
{
	archiveVersion = 1;
	classes = {
	};
	objectVersion = 56;
	objects = {

/* Begin PBXBuildFile section */
		E801A1492AB79D1100124B2B /* my_script.py in Resources */ = {isa = PBXBuildFile; fileRef = E801A1482AB79D1100124B2B /* my_script.py */; };
		E8E718DC2AB4D7AA00DC8BFD /* test1App.swift in Sources */ = {isa = PBXBuildFile; fileRef = E8E718DB2AB4D7AA00DC8BFD /* test1App.swift */; };
		E8E718DE2AB4D7AA00DC8BFD /* ContentView.swift in Sources */ = {isa = PBXBuildFile; fileRef = E8E718DD2AB4D7AA00DC8BFD /* ContentView.swift */; };
		E8E718E02AB4D7AB00DC8BFD /* Assets.xcassets in Resources */ = {isa = PBXBuildFile; fileRef = E8E718DF2AB4D7AB00DC8BFD /* Assets.xcassets */; };
		E8E718E42AB4D7AB00DC8BFD /* Preview Assets.xcassets in Resources */ = {isa = PBXBuildFile; fileRef = E8E718E32AB4D7AB00DC8BFD /* Preview Assets.xcassets */; };
		E8E718F12AB4D7DC00DC8BFD /* Cocoa.framework in Frameworks */ = {isa = PBXBuildFile; fileRef = E8E718F02AB4D7DC00DC8BFD /* Cocoa.framework */; };
		E8E718F62AB4D7DC00DC8BFD /* SourceEditorExtension.swift in Sources */ = {isa = PBXBuildFile; fileRef = E8E718F52AB4D7DC00DC8BFD /* SourceEditorExtension.swift */; };
		E8E718F82AB4D7DC00DC8BFD /* SourceEditorCommand.swift in Sources */ = {isa = PBXBuildFile; fileRef = E8E718F72AB4D7DC00DC8BFD /* SourceEditorCommand.swift */; };
		E8E718FD2AB4D7DC00DC8BFD /* pluginCodeScope.appex in Embed Foundation Extensions */ = {isa = PBXBuildFile; fileRef = E8E718EE2AB4D7DC00DC8BFD /* pluginCodeScope.appex */; settings = {ATTRIBUTES = (RemoveHeadersOnCopy, ); }; };
		E8E719022AB4D86700DC8BFD /* XcodeKit.framework in Frameworks */ = {isa = PBXBuildFile; fileRef = E8E718F22AB4D7DC00DC8BFD /* XcodeKit.framework */; };
		E8E719032AB4D86700DC8BFD /* XcodeKit.framework in Embed Frameworks */ = {isa = PBXBuildFile; fileRef = E8E718F22AB4D7DC00DC8BFD /* XcodeKit.framework */; settings = {ATTRIBUTES = (RemoveHeadersOnCopy, ); }; };
		E8E719062AB4F66A00DC8BFD /* command.sh in Resources */ = {isa = PBXBuildFile; fileRef = E8E719052AB4F66A00DC8BFD /* command.sh */; };
		E8E719072AB4F66A00DC8BFD /* command.sh in Resources */ = {isa = PBXBuildFile; fileRef = E8E719052AB4F66A00DC8BFD /* command.sh */; };
/* End PBXBuildFile section */

/* Begin PBXContainerItemProxy section */
		E8E718FB2AB4D7DC00DC8BFD /* PBXContainerItemProxy */ = {
			isa = PBXContainerItemProxy;
			containerPortal = E8E718D02AB4D7AA00DC8BFD /* Project object */;
			proxyType = 1;
			remoteGlobalIDString = E8E718ED2AB4D7DC00DC8BFD;
			remoteInfo = pluginCodeScope;
		};
/* End PBXContainerItemProxy section */

/* Begin PBXCopyFilesBuildPhase section */
		E8E719012AB4D7DC00DC8BFD /* Embed Foundation Extensions */ = {
			isa = PBXCopyFilesBuildPhase;
			buildActionMask = 2147483647;
			dstPath = "";
			dstSubfolderSpec = 13;
			files = (
				E8E718FD2AB4D7DC00DC8BFD /* pluginCodeScope.appex in Embed Foundation Extensions */,
			);
			name = "Embed Foundation Extensions";
			runOnlyForDeploymentPostprocessing = 0;
		};
		E8E719042AB4D86700DC8BFD /* Embed Frameworks */ = {
			isa = PBXCopyFilesBuildPhase;
			buildActionMask = 2147483647;
			dstPath = "";
			dstSubfolderSpec = 10;
			files = (
				E8E719032AB4D86700DC8BFD /* XcodeKit.framework in Embed Frameworks */,
			);
			name = "Embed Frameworks";
			runOnlyForDeploymentPostprocessing = 0;
		};
/* End PBXCopyFilesBuildPhase section */

/* Begin PBXFileReference section */
		E801A1482AB79D1100124B2B /* my_script.py */ = {isa = PBXFileReference; fileEncoding = 4; lastKnownFileType = text.script.python; path = my_script.py; sourceTree = "<group>"; };
		E8E718D82AB4D7AA00DC8BFD /* test1.app */ = {isa = PBXFileReference; explicitFileType = wrapper.application; includeInIndex = 0; path = test1.app; sourceTree = BUILT_PRODUCTS_DIR; };
		E8E718DB2AB4D7AA00DC8BFD /* test1App.swift */ = {isa = PBXFileReference; lastKnownFileType = sourcecode.swift; path = test1App.swift; sourceTree = "<group>"; };
		E8E718DD2AB4D7AA00DC8BFD /* ContentView.swift */ = {isa = PBXFileReference; lastKnownFileType = sourcecode.swift; path = ContentView.swift; sourceTree = "<group>"; };
		E8E718DF2AB4D7AB00DC8BFD /* Assets.xcassets */ = {isa = PBXFileReference; lastKnownFileType = folder.assetcatalog; path = Assets.xcassets; sourceTree = "<group>"; };
		E8E718E12AB4D7AB00DC8BFD /* test1.entitlements */ = {isa = PBXFileReference; lastKnownFileType = text.plist.entitlements; path = test1.entitlements; sourceTree = "<group>"; };
		E8E718E32AB4D7AB00DC8BFD /* Preview Assets.xcassets */ = {isa = PBXFileReference; lastKnownFileType = folder.assetcatalog; path = "Preview Assets.xcassets"; sourceTree = "<group>"; };
		E8E718EE2AB4D7DC00DC8BFD /* pluginCodeScope.appex */ = {isa = PBXFileReference; explicitFileType = "wrapper.app-extension"; includeInIndex = 0; path = pluginCodeScope.appex; sourceTree = BUILT_PRODUCTS_DIR; };
		E8E718F02AB4D7DC00DC8BFD /* Cocoa.framework */ = {isa = PBXFileReference; lastKnownFileType = wrapper.framework; name = Cocoa.framework; path = System/Library/Frameworks/Cocoa.framework; sourceTree = SDKROOT; };
		E8E718F22AB4D7DC00DC8BFD /* XcodeKit.framework */ = {isa = PBXFileReference; lastKnownFileType = wrapper.framework; name = XcodeKit.framework; path = Library/Frameworks/XcodeKit.framework; sourceTree = DEVELOPER_DIR; };
		E8E718F52AB4D7DC00DC8BFD /* SourceEditorExtension.swift */ = {isa = PBXFileReference; lastKnownFileType = sourcecode.swift; path = SourceEditorExtension.swift; sourceTree = "<group>"; };
		E8E718F72AB4D7DC00DC8BFD /* SourceEditorCommand.swift */ = {isa = PBXFileReference; lastKnownFileType = sourcecode.swift; path = SourceEditorCommand.swift; sourceTree = "<group>"; };
		E8E718F92AB4D7DC00DC8BFD /* Info.plist */ = {isa = PBXFileReference; lastKnownFileType = text.plist.xml; path = Info.plist; sourceTree = "<group>"; };
		E8E718FA2AB4D7DC00DC8BFD /* pluginCodeScope.entitlements */ = {isa = PBXFileReference; lastKnownFileType = text.plist.entitlements; path = pluginCodeScope.entitlements; sourceTree = "<group>"; };
		E8E719052AB4F66A00DC8BFD /* command.sh */ = {isa = PBXFileReference; fileEncoding = 4; lastKnownFileType = text.script.sh; path = command.sh; sourceTree = SOURCE_ROOT; };
/* End PBXFileReference section */

/* Begin PBXFrameworksBuildPhase section */
		E8E718D52AB4D7AA00DC8BFD /* Frameworks */ = {
			isa = PBXFrameworksBuildPhase;
			buildActionMask = 2147483647;
			files = (
			);
			runOnlyForDeploymentPostprocessing = 0;
		};
		E8E718EB2AB4D7DC00DC8BFD /* Frameworks */ = {
			isa = PBXFrameworksBuildPhase;
			buildActionMask = 2147483647;
			files = (
				E8E718F12AB4D7DC00DC8BFD /* Cocoa.framework in Frameworks */,
				E8E719022AB4D86700DC8BFD /* XcodeKit.framework in Frameworks */,
			);
			runOnlyForDeploymentPostprocessing = 0;
		};
/* End PBXFrameworksBuildPhase section */

/* Begin PBXGroup section */
		E8E718CF2AB4D7AA00DC8BFD = {
			isa = PBXGroup;
			children = (
				E8E718DA2AB4D7AA00DC8BFD /* test1 */,
				E8E718F42AB4D7DC00DC8BFD /* pluginCodeScope */,
				E8E718EF2AB4D7DC00DC8BFD /* Frameworks */,
				E8E718D92AB4D7AA00DC8BFD /* Products */,
			);
			sourceTree = "<group>";
		};
		E8E718D92AB4D7AA00DC8BFD /* Products */ = {
			isa = PBXGroup;
			children = (
				E8E718D82AB4D7AA00DC8BFD /* test1.app */,
				E8E718EE2AB4D7DC00DC8BFD /* pluginCodeScope.appex */,
			);
			name = Products;
			sourceTree = "<group>";
		};
		E8E718DA2AB4D7AA00DC8BFD /* test1 */ = {
			isa = PBXGroup;
			children = (
				E8E718DB2AB4D7AA00DC8BFD /* test1App.swift */,
				E8E718DD2AB4D7AA00DC8BFD /* ContentView.swift */,
				E8E718DF2AB4D7AB00DC8BFD /* Assets.xcassets */,
				E8E719052AB4F66A00DC8BFD /* command.sh */,
				E8E718E12AB4D7AB00DC8BFD /* test1.entitlements */,
				E8E718E22AB4D7AB00DC8BFD /* Preview Content */,
			);
			path = test1;
			sourceTree = "<group>";
		};
		E8E718E22AB4D7AB00DC8BFD /* Preview Content */ = {
			isa = PBXGroup;
			children = (
				E8E718E32AB4D7AB00DC8BFD /* Preview Assets.xcassets */,
			);
			path = "Preview Content";
			sourceTree = "<group>";
		};
		E8E718EF2AB4D7DC00DC8BFD /* Frameworks */ = {
			isa = PBXGroup;
			children = (
				E8E718F02AB4D7DC00DC8BFD /* Cocoa.framework */,
				E8E718F22AB4D7DC00DC8BFD /* XcodeKit.framework */,
			);
			name = Frameworks;
			sourceTree = "<group>";
		};
		E8E718F42AB4D7DC00DC8BFD /* pluginCodeScope */ = {
			isa = PBXGroup;
			children = (
				E8E718F52AB4D7DC00DC8BFD /* SourceEditorExtension.swift */,
				E8E718F72AB4D7DC00DC8BFD /* SourceEditorCommand.swift */,
				E801A1482AB79D1100124B2B /* my_script.py */,
				E8E718F92AB4D7DC00DC8BFD /* Info.plist */,
				E8E718FA2AB4D7DC00DC8BFD /* pluginCodeScope.entitlements */,
			);
			path = pluginCodeScope;
			sourceTree = "<group>";
		};
/* End PBXGroup section */

/* Begin PBXNativeTarget section */
		E8E718D72AB4D7AA00DC8BFD /* test1 */ = {
			isa = PBXNativeTarget;
			buildConfigurationList = E8E718E72AB4D7AB00DC8BFD /* Build configuration list for PBXNativeTarget "test1" */;
			buildPhases = (
				E8E718D42AB4D7AA00DC8BFD /* Sources */,
				E8E718D52AB4D7AA00DC8BFD /* Frameworks */,
				E8E718D62AB4D7AA00DC8BFD /* Resources */,
				E8E719012AB4D7DC00DC8BFD /* Embed Foundation Extensions */,
			);
			buildRules = (
			);
			dependencies = (
				E8E718FC2AB4D7DC00DC8BFD /* PBXTargetDependency */,
			);
			name = test1;
			productName = test1;
			productReference = E8E718D82AB4D7AA00DC8BFD /* test1.app */;
			productType = "com.apple.product-type.application";
		};
		E8E718ED2AB4D7DC00DC8BFD /* pluginCodeScope */ = {
			isa = PBXNativeTarget;
			buildConfigurationList = E8E718FE2AB4D7DC00DC8BFD /* Build configuration list for PBXNativeTarget "pluginCodeScope" */;
			buildPhases = (
				E8E718EA2AB4D7DC00DC8BFD /* Sources */,
				E8E718EB2AB4D7DC00DC8BFD /* Frameworks */,
				E8E718EC2AB4D7DC00DC8BFD /* Resources */,
				E8E719042AB4D86700DC8BFD /* Embed Frameworks */,
			);
			buildRules = (
			);
			dependencies = (
			);
			name = pluginCodeScope;
			productName = pluginCodeScope;
			productReference = E8E718EE2AB4D7DC00DC8BFD /* pluginCodeScope.appex */;
			productType = "com.apple.product-type.xcode-extension";
		};
/* End PBXNativeTarget section */

/* Begin PBXProject section */
		E8E718D02AB4D7AA00DC8BFD /* Project object */ = {
			isa = PBXProject;
			attributes = {
				BuildIndependentTargetsInParallel = 1;
				LastSwiftUpdateCheck = 1430;
				LastUpgradeCheck = 1430;
				TargetAttributes = {
					E8E718D72AB4D7AA00DC8BFD = {
						CreatedOnToolsVersion = 14.3.1;
					};
					E8E718ED2AB4D7DC00DC8BFD = {
						CreatedOnToolsVersion = 14.3.1;
					};
				};
			};
			buildConfigurationList = E8E718D32AB4D7AA00DC8BFD /* Build configuration list for PBXProject "test1" */;
			compatibilityVersion = "Xcode 14.0";
			developmentRegion = en;
			hasScannedForEncodings = 0;
			knownRegions = (
				en,
				Base,
			);
			mainGroup = E8E718CF2AB4D7AA00DC8BFD;
			productRefGroup = E8E718D92AB4D7AA00DC8BFD /* Products */;
			projectDirPath = "";
			projectRoot = "";
			targets = (
				E8E718D72AB4D7AA00DC8BFD /* test1 */,
				E8E718ED2AB4D7DC00DC8BFD /* pluginCodeScope */,
			);
		};
/* End PBXProject section */

/* Begin PBXResourcesBuildPhase section */
		E8E718D62AB4D7AA00DC8BFD /* Resources */ = {
			isa = PBXResourcesBuildPhase;
			buildActionMask = 2147483647;
			files = (
				E8E719062AB4F66A00DC8BFD /* command.sh in Resources */,
				E8E718E42AB4D7AB00DC8BFD /* Preview Assets.xcassets in Resources */,
				E8E718E02AB4D7AB00DC8BFD /* Assets.xcassets in Resources */,
			);
			runOnlyForDeploymentPostprocessing = 0;
		};
		E8E718EC2AB4D7DC00DC8BFD /* Resources */ = {
			isa = PBXResourcesBuildPhase;
			buildActionMask = 2147483647;
			files = (
				E8E719072AB4F66A00DC8BFD /* command.sh in Resources */,
				E801A1492AB79D1100124B2B /* my_script.py in Resources */,
			);
			runOnlyForDeploymentPostprocessing = 0;
		};
/* End PBXResourcesBuildPhase section */

/* Begin PBXSourcesBuildPhase section */
		E8E718D42AB4D7AA00DC8BFD /* Sources */ = {
			isa = PBXSourcesBuildPhase;
			buildActionMask = 2147483647;
			files = (
				E8E718DE2AB4D7AA00DC8BFD /* ContentView.swift in Sources */,
				E8E718DC2AB4D7AA00DC8BFD /* test1App.swift in Sources */,
			);
			runOnlyForDeploymentPostprocessing = 0;
		};
		E8E718EA2AB4D7DC00DC8BFD /* Sources */ = {
			isa = PBXSourcesBuildPhase;
			buildActionMask = 2147483647;
			files = (
				E8E718F62AB4D7DC00DC8BFD /* SourceEditorExtension.swift in Sources */,
				E8E718F82AB4D7DC00DC8BFD /* SourceEditorCommand.swift in Sources */,
			);
			runOnlyForDeploymentPostprocessing = 0;
		};
/* End PBXSourcesBuildPhase section */

/* Begin PBXTargetDependency section */
		E8E718FC2AB4D7DC00DC8BFD /* PBXTargetDependency */ = {
			isa = PBXTargetDependency;
			target = E8E718ED2AB4D7DC00DC8BFD /* pluginCodeScope */;
			targetProxy = E8E718FB2AB4D7DC00DC8BFD /* PBXContainerItemProxy */;
		};
/* End PBXTargetDependency section */

/* Begin XCBuildConfiguration section */
		E8E718E52AB4D7AB00DC8BFD /* Debug */ = {
			isa = XCBuildConfiguration;
			buildSettings = {
				ALWAYS_SEARCH_USER_PATHS = NO;
				CLANG_ANALYZER_NONNULL = YES;
				CLANG_ANALYZER_NUMBER_OBJECT_CONVERSION = YES_AGGRESSIVE;
				CLANG_CXX_LANGUAGE_STANDARD = "gnu++20";
				CLANG_ENABLE_MODULES = YES;
				CLANG_ENABLE_OBJC_ARC = YES;
				CLANG_ENABLE_OBJC_WEAK = YES;
				CLANG_WARN_BLOCK_CAPTURE_AUTORELEASING = YES;
				CLANG_WARN_BOOL_CONVERSION = YES;
				CLANG_WARN_COMMA = YES;
				CLANG_WARN_CONSTANT_CONVERSION = YES;
				CLANG_WARN_DEPRECATED_OBJC_IMPLEMENTATIONS = YES;
				CLANG_WARN_DIRECT_OBJC_ISA_USAGE = YES_ERROR;
				CLANG_WARN_DOCUMENTATION_COMMENTS = YES;
				CLANG_WARN_EMPTY_BODY = YES;
				CLANG_WARN_ENUM_CONVERSION = YES;
				CLANG_WARN_INFINITE_RECURSION = YES;
				CLANG_WARN_INT_CONVERSION = YES;
				CLANG_WARN_NON_LITERAL_NULL_CONVERSION = YES;
				CLANG_WARN_OBJC_IMPLICIT_RETAIN_SELF = YES;
				CLANG_WARN_OBJC_LITERAL_CONVERSION = YES;
				CLANG_WARN_OBJC_ROOT_CLASS = YES_ERROR;
				CLANG_WARN_QUOTED_INCLUDE_IN_FRAMEWORK_HEADER = YES;
				CLANG_WARN_RANGE_LOOP_ANALYSIS = YES;
				CLANG_WARN_STRICT_PROTOTYPES = YES;
				CLANG_WARN_SUSPICIOUS_MOVE = YES;
				CLANG_WARN_UNGUARDED_AVAILABILITY = YES_AGGRESSIVE;
				CLANG_WARN_UNREACHABLE_CODE = YES;
				CLANG_WARN__DUPLICATE_METHOD_MATCH = YES;
				COPY_PHASE_STRIP = NO;
				DEBUG_INFORMATION_FORMAT = dwarf;
				ENABLE_STRICT_OBJC_MSGSEND = YES;
				ENABLE_TESTABILITY = YES;
				GCC_C_LANGUAGE_STANDARD = gnu11;
				GCC_DYNAMIC_NO_PIC = NO;
				GCC_NO_COMMON_BLOCKS = YES;
				GCC_OPTIMIZATION_LEVEL = 0;
				GCC_PREPROCESSOR_DEFINITIONS = (
					"DEBUG=1",
					"$(inherited)",
				);
				GCC_WARN_64_TO_32_BIT_CONVERSION = YES;
				GCC_WARN_ABOUT_RETURN_TYPE = YES_ERROR;
				GCC_WARN_UNDECLARED_SELECTOR = YES;
				GCC_WARN_UNINITIALIZED_AUTOS = YES_AGGRESSIVE;
				GCC_WARN_UNUSED_FUNCTION = YES;
				GCC_WARN_UNUSED_VARIABLE = YES;
				MTL_ENABLE_DEBUG_INFO = INCLUDE_SOURCE;
				MTL_FAST_MATH = YES;
				ONLY_ACTIVE_ARCH = YES;
				SWIFT_ACTIVE_COMPILATION_CONDITIONS = DEBUG;
				SWIFT_OPTIMIZATION_LEVEL = "-Onone";
			};
			name = Debug;
		};
		E8E718E62AB4D7AB00DC8BFD /* Release */ = {
			isa = XCBuildConfiguration;
			buildSettings = {
				ALWAYS_SEARCH_USER_PATHS = NO;
				CLANG_ANALYZER_NONNULL = YES;
				CLANG_ANALYZER_NUMBER_OBJECT_CONVERSION = YES_AGGRESSIVE;
				CLANG_CXX_LANGUAGE_STANDARD = "gnu++20";
				CLANG_ENABLE_MODULES = YES;
				CLANG_ENABLE_OBJC_ARC = YES;
				CLANG_ENABLE_OBJC_WEAK = YES;
				CLANG_WARN_BLOCK_CAPTURE_AUTORELEASING = YES;
				CLANG_WARN_BOOL_CONVERSION = YES;
				CLANG_WARN_COMMA = YES;
				CLANG_WARN_CONSTANT_CONVERSION = YES;
				CLANG_WARN_DEPRECATED_OBJC_IMPLEMENTATIONS = YES;
				CLANG_WARN_DIRECT_OBJC_ISA_USAGE = YES_ERROR;
				CLANG_WARN_DOCUMENTATION_COMMENTS = YES;
				CLANG_WARN_EMPTY_BODY = YES;
				CLANG_WARN_ENUM_CONVERSION = YES;
				CLANG_WARN_INFINITE_RECURSION = YES;
				CLANG_WARN_INT_CONVERSION = YES;
				CLANG_WARN_NON_LITERAL_NULL_CONVERSION = YES;
				CLANG_WARN_OBJC_IMPLICIT_RETAIN_SELF = YES;
				CLANG_WARN_OBJC_LITERAL_CONVERSION = YES;
				CLANG_WARN_OBJC_ROOT_CLASS = YES_ERROR;
				CLANG_WARN_QUOTED_INCLUDE_IN_FRAMEWORK_HEADER = YES;
				CLANG_WARN_RANGE_LOOP_ANALYSIS = YES;
				CLANG_WARN_STRICT_PROTOTYPES = YES;
				CLANG_WARN_SUSPICIOUS_MOVE = YES;
				CLANG_WARN_UNGUARDED_AVAILABILITY = YES_AGGRESSIVE;
				CLANG_WARN_UNREACHABLE_CODE = YES;
				CLANG_WARN__DUPLICATE_METHOD_MATCH = YES;
				COPY_PHASE_STRIP = NO;
				DEBUG_INFORMATION_FORMAT = "dwarf-with-dsym";
				ENABLE_NS_ASSERTIONS = NO;
				ENABLE_STRICT_OBJC_MSGSEND = YES;
				GCC_C_LANGUAGE_STANDARD = gnu11;
				GCC_NO_COMMON_BLOCKS = YES;
				GCC_WARN_64_TO_32_BIT_CONVERSION = YES;
				GCC_WARN_ABOUT_RETURN_TYPE = YES_ERROR;
				GCC_WARN_UNDECLARED_SELECTOR = YES;
				GCC_WARN_UNINITIALIZED_AUTOS = YES_AGGRESSIVE;
				GCC_WARN_UNUSED_FUNCTION = YES;
				GCC_WARN_UNUSED_VARIABLE = YES;
				MTL_ENABLE_DEBUG_INFO = NO;
				MTL_FAST_MATH = YES;
				SWIFT_COMPILATION_MODE = wholemodule;
				SWIFT_OPTIMIZATION_LEVEL = "-O";
			};
			name = Release;
		};
		E8E718E82AB4D7AB00DC8BFD /* Debug */ = {
			isa = XCBuildConfiguration;
			buildSettings = {
				ALWAYS_EMBED_SWIFT_STANDARD_LIBRARIES = YES;
				ASSETCATALOG_COMPILER_APPICON_NAME = AppIcon;
				ASSETCATALOG_COMPILER_GLOBAL_ACCENT_COLOR_NAME = AccentColor;
				CODE_SIGN_ENTITLEMENTS = test1/test1.entitlements;
				CODE_SIGN_STYLE = Automatic;
				CURRENT_PROJECT_VERSION = 1;
				DEVELOPMENT_ASSET_PATHS = "\"test1/Preview Content\"";
				DEVELOPMENT_TEAM = V884785DY2;
				ENABLE_HARDENED_RUNTIME = YES;
				ENABLE_PREVIEWS = YES;
				GENERATE_INFOPLIST_FILE = YES;
				INFOPLIST_KEY_LSApplicationCategoryType = "";
				INFOPLIST_KEY_NSDocumentsFolderUsageDescription = Permission;
				"INFOPLIST_KEY_UIApplicationSceneManifest_Generation[sdk=iphoneos*]" = YES;
				"INFOPLIST_KEY_UIApplicationSceneManifest_Generation[sdk=iphonesimulator*]" = YES;
				"INFOPLIST_KEY_UIApplicationSupportsIndirectInputEvents[sdk=iphoneos*]" = YES;
				"INFOPLIST_KEY_UIApplicationSupportsIndirectInputEvents[sdk=iphonesimulator*]" = YES;
				"INFOPLIST_KEY_UILaunchScreen_Generation[sdk=iphoneos*]" = YES;
				"INFOPLIST_KEY_UILaunchScreen_Generation[sdk=iphonesimulator*]" = YES;
				"INFOPLIST_KEY_UIStatusBarStyle[sdk=iphoneos*]" = UIStatusBarStyleDefault;
				"INFOPLIST_KEY_UIStatusBarStyle[sdk=iphonesimulator*]" = UIStatusBarStyleDefault;
				INFOPLIST_KEY_UISupportedInterfaceOrientations_iPad = "UIInterfaceOrientationPortrait UIInterfaceOrientationPortraitUpsideDown UIInterfaceOrientationLandscapeLeft UIInterfaceOrientationLandscapeRight";
				INFOPLIST_KEY_UISupportedInterfaceOrientations_iPhone = "UIInterfaceOrientationPortrait UIInterfaceOrientationLandscapeLeft UIInterfaceOrientationLandscapeRight";
				IPHONEOS_DEPLOYMENT_TARGET = 16.4;
				LD_RUNPATH_SEARCH_PATHS = "@executable_path/Frameworks";
				"LD_RUNPATH_SEARCH_PATHS[sdk=macosx*]" = "@executable_path/../Frameworks";
				MACOSX_DEPLOYMENT_TARGET = 13.3;
				MARKETING_VERSION = 1.0;
				PRODUCT_BUNDLE_IDENTIFIER = Connice.test1;
				PRODUCT_NAME = "$(TARGET_NAME)";
				SDKROOT = auto;
				SUPPORTED_PLATFORMS = "iphoneos iphonesimulator macosx";
				SWIFT_EMIT_LOC_STRINGS = YES;
				SWIFT_VERSION = 5.0;
				TARGETED_DEVICE_FAMILY = "1,2";
			};
			name = Debug;
		};
		E8E718E92AB4D7AB00DC8BFD /* Release */ = {
			isa = XCBuildConfiguration;
			buildSettings = {
				ALWAYS_EMBED_SWIFT_STANDARD_LIBRARIES = YES;
				ASSETCATALOG_COMPILER_APPICON_NAME = AppIcon;
				ASSETCATALOG_COMPILER_GLOBAL_ACCENT_COLOR_NAME = AccentColor;
				CODE_SIGN_ENTITLEMENTS = test1/test1.entitlements;
				CODE_SIGN_STYLE = Automatic;
				CURRENT_PROJECT_VERSION = 1;
				DEVELOPMENT_ASSET_PATHS = "\"test1/Preview Content\"";
				DEVELOPMENT_TEAM = V884785DY2;
				ENABLE_HARDENED_RUNTIME = YES;
				ENABLE_PREVIEWS = YES;
				GENERATE_INFOPLIST_FILE = YES;
				INFOPLIST_KEY_LSApplicationCategoryType = "";
				INFOPLIST_KEY_NSDocumentsFolderUsageDescription = Permission;
				"INFOPLIST_KEY_UIApplicationSceneManifest_Generation[sdk=iphoneos*]" = YES;
				"INFOPLIST_KEY_UIApplicationSceneManifest_Generation[sdk=iphonesimulator*]" = YES;
				"INFOPLIST_KEY_UIApplicationSupportsIndirectInputEvents[sdk=iphoneos*]" = YES;
				"INFOPLIST_KEY_UIApplicationSupportsIndirectInputEvents[sdk=iphonesimulator*]" = YES;
				"INFOPLIST_KEY_UILaunchScreen_Generation[sdk=iphoneos*]" = YES;
				"INFOPLIST_KEY_UILaunchScreen_Generation[sdk=iphonesimulator*]" = YES;
				"INFOPLIST_KEY_UIStatusBarStyle[sdk=iphoneos*]" = UIStatusBarStyleDefault;
				"INFOPLIST_KEY_UIStatusBarStyle[sdk=iphonesimulator*]" = UIStatusBarStyleDefault;
				INFOPLIST_KEY_UISupportedInterfaceOrientations_iPad = "UIInterfaceOrientationPortrait UIInterfaceOrientationPortraitUpsideDown UIInterfaceOrientationLandscapeLeft UIInterfaceOrientationLandscapeRight";
				INFOPLIST_KEY_UISupportedInterfaceOrientations_iPhone = "UIInterfaceOrientationPortrait UIInterfaceOrientationLandscapeLeft UIInterfaceOrientationLandscapeRight";
				IPHONEOS_DEPLOYMENT_TARGET = 16.4;
				LD_RUNPATH_SEARCH_PATHS = "@executable_path/Frameworks";
				"LD_RUNPATH_SEARCH_PATHS[sdk=macosx*]" = "@executable_path/../Frameworks";
				MACOSX_DEPLOYMENT_TARGET = 13.3;
				MARKETING_VERSION = 1.0;
				PRODUCT_BUNDLE_IDENTIFIER = Connice.test1;
				PRODUCT_NAME = "$(TARGET_NAME)";
				SDKROOT = auto;
				SUPPORTED_PLATFORMS = "iphoneos iphonesimulator macosx";
				SWIFT_EMIT_LOC_STRINGS = YES;
				SWIFT_VERSION = 5.0;
				TARGETED_DEVICE_FAMILY = "1,2";
			};
			name = Release;
		};
		E8E718FF2AB4D7DC00DC8BFD /* Debug */ = {
			isa = XCBuildConfiguration;
			buildSettings = {
				CODE_SIGN_ENTITLEMENTS = pluginCodeScope/pluginCodeScope.entitlements;
				CODE_SIGN_STYLE = Automatic;
				COMBINE_HIDPI_IMAGES = YES;
				CURRENT_PROJECT_VERSION = 1;
				DEVELOPMENT_TEAM = V884785DY2;
				ENABLE_HARDENED_RUNTIME = YES;
				GENERATE_INFOPLIST_FILE = YES;
				INFOPLIST_FILE = pluginCodeScope/Info.plist;
				INFOPLIST_KEY_CFBundleDisplayName = pluginCodeScope;
				INFOPLIST_KEY_NSDocumentsFolderUsageDescription = Permisson;
				INFOPLIST_KEY_NSHumanReadableCopyright = "";
				LD_RUNPATH_SEARCH_PATHS = (
					"$(inherited)",
					"@executable_path/../Frameworks",
					"@executable_path/../../../../Frameworks",
				);
				MACOSX_DEPLOYMENT_TARGET = 13.3;
				MARKETING_VERSION = 1.0;
				PRODUCT_BUNDLE_IDENTIFIER = Connice.test1.pluginCodeScope;
				PRODUCT_NAME = "$(TARGET_NAME)";
				SDKROOT = macosx;
				SKIP_INSTALL = YES;
				SWIFT_EMIT_LOC_STRINGS = YES;
				SWIFT_VERSION = 5.0;
			};
			name = Debug;
		};
		E8E719002AB4D7DC00DC8BFD /* Release */ = {
			isa = XCBuildConfiguration;
			buildSettings = {
				CODE_SIGN_ENTITLEMENTS = pluginCodeScope/pluginCodeScope.entitlements;
				CODE_SIGN_STYLE = Automatic;
				COMBINE_HIDPI_IMAGES = YES;
				CURRENT_PROJECT_VERSION = 1;
				DEVELOPMENT_TEAM = V884785DY2;
				ENABLE_HARDENED_RUNTIME = YES;
				GENERATE_INFOPLIST_FILE = YES;
				INFOPLIST_FILE = pluginCodeScope/Info.plist;
				INFOPLIST_KEY_CFBundleDisplayName = pluginCodeScope;
				INFOPLIST_KEY_NSDocumentsFolderUsageDescription = Permisson;
				INFOPLIST_KEY_NSHumanReadableCopyright = "";
				LD_RUNPATH_SEARCH_PATHS = (
					"$(inherited)",
					"@executable_path/../Frameworks",
					"@executable_path/../../../../Frameworks",
				);
				MACOSX_DEPLOYMENT_TARGET = 13.3;
				MARKETING_VERSION = 1.0;
				PRODUCT_BUNDLE_IDENTIFIER = Connice.test1.pluginCodeScope;
				PRODUCT_NAME = "$(TARGET_NAME)";
				SDKROOT = macosx;
				SKIP_INSTALL = YES;
				SWIFT_EMIT_LOC_STRINGS = YES;
				SWIFT_VERSION = 5.0;
			};
			name = Release;
		};
/* End XCBuildConfiguration section */

/* Begin XCConfigurationList section */
		E8E718D32AB4D7AA00DC8BFD /* Build configuration list for PBXProject "test1" */ = {
			isa = XCConfigurationList;
			buildConfigurations = (
				E8E718E52AB4D7AB00DC8BFD /* Debug */,
				E8E718E62AB4D7AB00DC8BFD /* Release */,
			);
			defaultConfigurationIsVisible = 0;
			defaultConfigurationName = Release;
		};
		E8E718E72AB4D7AB00DC8BFD /* Build configuration list for PBXNativeTarget "test1" */ = {
			isa = XCConfigurationList;
			buildConfigurations = (
				E8E718E82AB4D7AB00DC8BFD /* Debug */,
				E8E718E92AB4D7AB00DC8BFD /* Release */,
			);
			defaultConfigurationIsVisible = 0;
			defaultConfigurationName = Release;
		};
		E8E718FE2AB4D7DC00DC8BFD /* Build configuration list for PBXNativeTarget "pluginCodeScope" */ = {
			isa = XCConfigurationList;
			buildConfigurations = (
				E8E718FF2AB4D7DC00DC8BFD /* Debug */,
				E8E719002AB4D7DC00DC8BFD /* Release */,
			);
			defaultConfigurationIsVisible = 0;
			defaultConfigurationName = Release;
		};
/* End XCConfigurationList section */
	};
	rootObject = E8E718D02AB4D7AA00DC8BFD /* Project object */;
}
